// !$*UTF8*$!
{
	archiveVersion = 1;
	classes = {
	};
	objectVersion = 50;
	objects = {

/* Begin PBXBuildFile section */
		E700149722FFE1E40009AA43 /* NSFileHandle+ReadFlowChunks.m in Sources */ = {isa = PBXBuildFile; fileRef = E700149622FFE1E40009AA43 /* NSFileHandle+ReadFlowChunks.m */; };
		E700149922FFF9C60009AA43 /* testHandleContentFile.m in Sources */ = {isa = PBXBuildFile; fileRef = E700149822FFF9C60009AA43 /* testHandleContentFile.m */; };
		E700767C230114C100F0FCD8 /* Stream.m in Sources */ = {isa = PBXBuildFile; fileRef = E700767B230114C100F0FCD8 /* Stream.m */; };
		E701AF0E230171550024E4B3 /* NSFileManager+InteractWithFile.m in Sources */ = {isa = PBXBuildFile; fileRef = E701AF0D230171550024E4B3 /* NSFileManager+InteractWithFile.m */; };
		E70249FC22FFBFFE004552A6 /* OutputStream.m in Sources */ = {isa = PBXBuildFile; fileRef = E70249FB22FFBFFE004552A6 /* OutputStream.m */; };
		E70588B723065F4A0055BDDF /* SecondViewController.m in Sources */ = {isa = PBXBuildFile; fileRef = E70588B623065F4A0055BDDF /* SecondViewController.m */; };
		E71674212320EAD200D5D6E4 /* MainCollectionViewController.m in Sources */ = {isa = PBXBuildFile; fileRef = E71674202320EAD200D5D6E4 /* MainCollectionViewController.m */; };
		E76E5F1B2314D8C800F51339 /* FeedAPI.m in Sources */ = {isa = PBXBuildFile; fileRef = E76E5F1A2314D8C800F51339 /* FeedAPI.m */; };
		E78A06D5230E495D00C2DA1B /* MainViewController.m in Sources */ = {isa = PBXBuildFile; fileRef = E78A06D4230E495D00C2DA1B /* MainViewController.m */; };
		E78A06D8230E4E0900C2DA1B /* ThreeImageCell.m in Sources */ = {isa = PBXBuildFile; fileRef = E78A06D7230E4E0900C2DA1B /* ThreeImageCell.m */; };
		E78A06DD230E7C4800C2DA1B /* BigImageCell.m in Sources */ = {isa = PBXBuildFile; fileRef = E78A06DC230E7C4800C2DA1B /* BigImageCell.m */; };
		E78A06E3230EAB2800C2DA1B /* ParentsCell.m in Sources */ = {isa = PBXBuildFile; fileRef = E78A06E2230EAB2800C2DA1B /* ParentsCell.m */; };
		E7FB9C16230930A3000D66AE /* ConnectData.m in Sources */ = {isa = PBXBuildFile; fileRef = E7FB9C15230930A3000D66AE /* ConnectData.m */; };
		E7FCD29B22FD4A2A00597004 /* AppDelegate.m in Sources */ = {isa = PBXBuildFile; fileRef = E7FCD29A22FD4A2A00597004 /* AppDelegate.m */; };
		E7FCD29E22FD4A2A00597004 /* ViewController.m in Sources */ = {isa = PBXBuildFile; fileRef = E7FCD29D22FD4A2A00597004 /* ViewController.m */; };
		E7FCD2A122FD4A2A00597004 /* Main.storyboard in Resources */ = {isa = PBXBuildFile; fileRef = E7FCD29F22FD4A2A00597004 /* Main.storyboard */; };
		E7FCD2A322FD4A2B00597004 /* Assets.xcassets in Resources */ = {isa = PBXBuildFile; fileRef = E7FCD2A222FD4A2B00597004 /* Assets.xcassets */; };
		E7FCD2A622FD4A2B00597004 /* LaunchScreen.storyboard in Resources */ = {isa = PBXBuildFile; fileRef = E7FCD2A422FD4A2B00597004 /* LaunchScreen.storyboard */; };
		E7FCD2A922FD4A2B00597004 /* main.m in Sources */ = {isa = PBXBuildFile; fileRef = E7FCD2A822FD4A2B00597004 /* main.m */; };
		E7FCD2B322FD4A2B00597004 /* bacsicObjCTests.m in Sources */ = {isa = PBXBuildFile; fileRef = E7FCD2B222FD4A2B00597004 /* bacsicObjCTests.m */; };
		E7FCD2BE22FD4A2B00597004 /* bacsicObjCUITests.m in Sources */ = {isa = PBXBuildFile; fileRef = E7FCD2BD22FD4A2B00597004 /* bacsicObjCUITests.m */; };
		E7FCD2D322FD4A8800597004 /* NSArray+handleTailFile.m in Sources */ = {isa = PBXBuildFile; fileRef = E7FCD2CC22FD4A8800597004 /* NSArray+handleTailFile.m */; };
		E7FCD2D422FD4A8800597004 /* NSString+DetectURL.m in Sources */ = {isa = PBXBuildFile; fileRef = E7FCD2CE22FD4A8800597004 /* NSString+DetectURL.m */; };
		E7FCD2D522FD4A8800597004 /* NSFileManager+ListSatisfyFile.m in Sources */ = {isa = PBXBuildFile; fileRef = E7FCD2CF22FD4A8800597004 /* NSFileManager+ListSatisfyFile.m */; };
		E7FCD2D622FD4A8800597004 /* NSString+CompareTimeStamp.m in Sources */ = {isa = PBXBuildFile; fileRef = E7FCD2D222FD4A8800597004 /* NSString+CompareTimeStamp.m */; };
		E7FCD2DA22FD4AE200597004 /* BodyModel.m in Sources */ = {isa = PBXBuildFile; fileRef = E7FCD2D822FD4AE200597004 /* BodyModel.m */; };
		E7FCD2E822FD4AFE00597004 /* example.json in Resources */ = {isa = PBXBuildFile; fileRef = E7FCD2DB22FD4AFC00597004 /* example.json */; };
		E7FCD2E922FD4AFE00597004 /* ContentModel.m in Sources */ = {isa = PBXBuildFile; fileRef = E7FCD2DC22FD4AFC00597004 /* ContentModel.m */; };
		E7FCD2EA22FD4AFE00597004 /* BoxModel.m in Sources */ = {isa = PBXBuildFile; fileRef = E7FCD2DE22FD4AFD00597004 /* BoxModel.m */; };
		E7FCD2EB22FD4AFE00597004 /* ImageModel.m in Sources */ = {isa = PBXBuildFile; fileRef = E7FCD2E022FD4AFD00597004 /* ImageModel.m */; };
		E7FCD2EC22FD4AFE00597004 /* DataModel.m in Sources */ = {isa = PBXBuildFile; fileRef = E7FCD2E122FD4AFD00597004 /* DataModel.m */; };
		E7FCD2ED22FD4AFE00597004 /* QuestionModel.m in Sources */ = {isa = PBXBuildFile; fileRef = E7FCD2E322FD4AFD00597004 /* QuestionModel.m */; };
		E7FCD2EE22FD4AFE00597004 /* NSDictionary+ParseJson.m in Sources */ = {isa = PBXBuildFile; fileRef = E7FCD2E522FD4AFE00597004 /* NSDictionary+ParseJson.m */; };
		E7FCD2F122FD4BEC00597004 /* HandleContentFile.m in Sources */ = {isa = PBXBuildFile; fileRef = E7FCD2EF22FD4BEC00597004 /* HandleContentFile.m */; };
		E7FCD2F422FD7C5E00597004 /* InputStream.m in Sources */ = {isa = PBXBuildFile; fileRef = E7FCD2F322FD7C5E00597004 /* InputStream.m */; };
		E7FD20C523221BFB00F08FE1 /* AlertView.m in Sources */ = {isa = PBXBuildFile; fileRef = E7FD20C423221BFB00F08FE1 /* AlertView.m */; };
		E7FD20C823223A2D00F08FE1 /* AlertWindowViewController.m in Sources */ = {isa = PBXBuildFile; fileRef = E7FD20C723223A2D00F08FE1 /* AlertWindowViewController.m */; };
		E7FDD3B9230595D5008D2C33 /* MyViewController.m in Sources */ = {isa = PBXBuildFile; fileRef = E7FDD3B7230595D4008D2C33 /* MyViewController.m */; };
		E7FDD3C52305978C008D2C33 /* SingleImageCell.m in Sources */ = {isa = PBXBuildFile; fileRef = E7FDD3C32305978C008D2C33 /* SingleImageCell.m */; };
/* End PBXBuildFile section */

/* Begin PBXContainerItemProxy section */
		E7FCD2AF22FD4A2B00597004 /* PBXContainerItemProxy */ = {
			isa = PBXContainerItemProxy;
			containerPortal = E7FCD28E22FD4A2A00597004 /* Project object */;
			proxyType = 1;
			remoteGlobalIDString = E7FCD29522FD4A2A00597004;
			remoteInfo = bacsicObjC;
		};
		E7FCD2BA22FD4A2B00597004 /* PBXContainerItemProxy */ = {
			isa = PBXContainerItemProxy;
			containerPortal = E7FCD28E22FD4A2A00597004 /* Project object */;
			proxyType = 1;
			remoteGlobalIDString = E7FCD29522FD4A2A00597004;
			remoteInfo = bacsicObjC;
		};
/* End PBXContainerItemProxy section */

/* Begin PBXFileReference section */
		E700149522FFE1E40009AA43 /* NSFileHandle+ReadFlowChunks.h */ = {isa = PBXFileReference; lastKnownFileType = sourcecode.c.h; path = "NSFileHandle+ReadFlowChunks.h"; sourceTree = "<group>"; };
		E700149622FFE1E40009AA43 /* NSFileHandle+ReadFlowChunks.m */ = {isa = PBXFileReference; lastKnownFileType = sourcecode.c.objc; path = "NSFileHandle+ReadFlowChunks.m"; sourceTree = "<group>"; };
		E700149822FFF9C60009AA43 /* testHandleContentFile.m */ = {isa = PBXFileReference; lastKnownFileType = sourcecode.c.objc; path = testHandleContentFile.m; sourceTree = "<group>"; };
		E700767A230114C100F0FCD8 /* Stream.h */ = {isa = PBXFileReference; lastKnownFileType = sourcecode.c.h; path = Stream.h; sourceTree = "<group>"; };
		E700767B230114C100F0FCD8 /* Stream.m */ = {isa = PBXFileReference; lastKnownFileType = sourcecode.c.objc; path = Stream.m; sourceTree = "<group>"; };
		E701AF0C230171550024E4B3 /* NSFileManager+InteractWithFile.h */ = {isa = PBXFileReference; lastKnownFileType = sourcecode.c.h; path = "NSFileManager+InteractWithFile.h"; sourceTree = "<group>"; };
		E701AF0D230171550024E4B3 /* NSFileManager+InteractWithFile.m */ = {isa = PBXFileReference; lastKnownFileType = sourcecode.c.objc; path = "NSFileManager+InteractWithFile.m"; sourceTree = "<group>"; };
		E70249FA22FFBFFE004552A6 /* OutputStream.h */ = {isa = PBXFileReference; lastKnownFileType = sourcecode.c.h; path = OutputStream.h; sourceTree = "<group>"; };
		E70249FB22FFBFFE004552A6 /* OutputStream.m */ = {isa = PBXFileReference; lastKnownFileType = sourcecode.c.objc; path = OutputStream.m; sourceTree = "<group>"; };
		E70588B523065F4A0055BDDF /* SecondViewController.h */ = {isa = PBXFileReference; lastKnownFileType = sourcecode.c.h; path = SecondViewController.h; sourceTree = "<group>"; };
		E70588B623065F4A0055BDDF /* SecondViewController.m */ = {isa = PBXFileReference; lastKnownFileType = sourcecode.c.objc; path = SecondViewController.m; sourceTree = "<group>"; };
		E716741F2320EAD200D5D6E4 /* MainCollectionViewController.h */ = {isa = PBXFileReference; lastKnownFileType = sourcecode.c.h; path = MainCollectionViewController.h; sourceTree = "<group>"; };
		E71674202320EAD200D5D6E4 /* MainCollectionViewController.m */ = {isa = PBXFileReference; lastKnownFileType = sourcecode.c.objc; path = MainCollectionViewController.m; sourceTree = "<group>"; };
		E76E5F162313841900F51339 /* Define.h */ = {isa = PBXFileReference; lastKnownFileType = sourcecode.c.h; path = Define.h; sourceTree = "<group>"; };
		E76E5F192314D8C800F51339 /* FeedAPI.h */ = {isa = PBXFileReference; lastKnownFileType = sourcecode.c.h; path = FeedAPI.h; sourceTree = "<group>"; };
		E76E5F1A2314D8C800F51339 /* FeedAPI.m */ = {isa = PBXFileReference; lastKnownFileType = sourcecode.c.objc; path = FeedAPI.m; sourceTree = "<group>"; };
		E78A06D3230E495D00C2DA1B /* MainViewController.h */ = {isa = PBXFileReference; lastKnownFileType = sourcecode.c.h; path = MainViewController.h; sourceTree = "<group>"; };
		E78A06D4230E495D00C2DA1B /* MainViewController.m */ = {isa = PBXFileReference; lastKnownFileType = sourcecode.c.objc; path = MainViewController.m; sourceTree = "<group>"; };
		E78A06D6230E4E0900C2DA1B /* ThreeImageCell.h */ = {isa = PBXFileReference; lastKnownFileType = sourcecode.c.h; path = ThreeImageCell.h; sourceTree = "<group>"; };
		E78A06D7230E4E0900C2DA1B /* ThreeImageCell.m */ = {isa = PBXFileReference; lastKnownFileType = sourcecode.c.objc; path = ThreeImageCell.m; sourceTree = "<group>"; };
		E78A06DB230E7C4800C2DA1B /* BigImageCell.h */ = {isa = PBXFileReference; lastKnownFileType = sourcecode.c.h; path = BigImageCell.h; sourceTree = "<group>"; };
		E78A06DC230E7C4800C2DA1B /* BigImageCell.m */ = {isa = PBXFileReference; lastKnownFileType = sourcecode.c.objc; path = BigImageCell.m; sourceTree = "<group>"; };
		E78A06E1230EAB2800C2DA1B /* ParentsCell.h */ = {isa = PBXFileReference; lastKnownFileType = sourcecode.c.h; path = ParentsCell.h; sourceTree = "<group>"; };
		E78A06E2230EAB2800C2DA1B /* ParentsCell.m */ = {isa = PBXFileReference; lastKnownFileType = sourcecode.c.objc; path = ParentsCell.m; sourceTree = "<group>"; };
		E7FB9C14230930A3000D66AE /* ConnectData.h */ = {isa = PBXFileReference; lastKnownFileType = sourcecode.c.h; path = ConnectData.h; sourceTree = "<group>"; };
		E7FB9C15230930A3000D66AE /* ConnectData.m */ = {isa = PBXFileReference; lastKnownFileType = sourcecode.c.objc; path = ConnectData.m; sourceTree = "<group>"; };
		E7FCD29622FD4A2A00597004 /* bacsicObjC.app */ = {isa = PBXFileReference; explicitFileType = wrapper.application; includeInIndex = 0; path = bacsicObjC.app; sourceTree = BUILT_PRODUCTS_DIR; };
		E7FCD29922FD4A2A00597004 /* AppDelegate.h */ = {isa = PBXFileReference; lastKnownFileType = sourcecode.c.h; path = AppDelegate.h; sourceTree = "<group>"; };
		E7FCD29A22FD4A2A00597004 /* AppDelegate.m */ = {isa = PBXFileReference; lastKnownFileType = sourcecode.c.objc; path = AppDelegate.m; sourceTree = "<group>"; };
		E7FCD29C22FD4A2A00597004 /* ViewController.h */ = {isa = PBXFileReference; lastKnownFileType = sourcecode.c.h; path = ViewController.h; sourceTree = "<group>"; };
		E7FCD29D22FD4A2A00597004 /* ViewController.m */ = {isa = PBXFileReference; lastKnownFileType = sourcecode.c.objc; path = ViewController.m; sourceTree = "<group>"; };
		E7FCD2A022FD4A2A00597004 /* Base */ = {isa = PBXFileReference; lastKnownFileType = file.storyboard; name = Base; path = Base.lproj/Main.storyboard; sourceTree = "<group>"; };
		E7FCD2A222FD4A2B00597004 /* Assets.xcassets */ = {isa = PBXFileReference; lastKnownFileType = folder.assetcatalog; path = Assets.xcassets; sourceTree = "<group>"; };
		E7FCD2A522FD4A2B00597004 /* Base */ = {isa = PBXFileReference; lastKnownFileType = file.storyboard; name = Base; path = Base.lproj/LaunchScreen.storyboard; sourceTree = "<group>"; };
		E7FCD2A722FD4A2B00597004 /* Info.plist */ = {isa = PBXFileReference; lastKnownFileType = text.plist.xml; path = Info.plist; sourceTree = "<group>"; };
		E7FCD2A822FD4A2B00597004 /* main.m */ = {isa = PBXFileReference; lastKnownFileType = sourcecode.c.objc; path = main.m; sourceTree = "<group>"; };
		E7FCD2AE22FD4A2B00597004 /* bacsicObjCTests.xctest */ = {isa = PBXFileReference; explicitFileType = wrapper.cfbundle; includeInIndex = 0; path = bacsicObjCTests.xctest; sourceTree = BUILT_PRODUCTS_DIR; };
		E7FCD2B222FD4A2B00597004 /* bacsicObjCTests.m */ = {isa = PBXFileReference; lastKnownFileType = sourcecode.c.objc; path = bacsicObjCTests.m; sourceTree = "<group>"; };
		E7FCD2B422FD4A2B00597004 /* Info.plist */ = {isa = PBXFileReference; lastKnownFileType = text.plist.xml; path = Info.plist; sourceTree = "<group>"; };
		E7FCD2B922FD4A2B00597004 /* bacsicObjCUITests.xctest */ = {isa = PBXFileReference; explicitFileType = wrapper.cfbundle; includeInIndex = 0; path = bacsicObjCUITests.xctest; sourceTree = BUILT_PRODUCTS_DIR; };
		E7FCD2BD22FD4A2B00597004 /* bacsicObjCUITests.m */ = {isa = PBXFileReference; lastKnownFileType = sourcecode.c.objc; path = bacsicObjCUITests.m; sourceTree = "<group>"; };
		E7FCD2BF22FD4A2B00597004 /* Info.plist */ = {isa = PBXFileReference; lastKnownFileType = text.plist.xml; path = Info.plist; sourceTree = "<group>"; };
		E7FCD2CB22FD4A8800597004 /* NSString+DetectURL.h */ = {isa = PBXFileReference; fileEncoding = 4; lastKnownFileType = sourcecode.c.h; path = "NSString+DetectURL.h"; sourceTree = "<group>"; };
		E7FCD2CC22FD4A8800597004 /* NSArray+handleTailFile.m */ = {isa = PBXFileReference; fileEncoding = 4; lastKnownFileType = sourcecode.c.objc; path = "NSArray+handleTailFile.m"; sourceTree = "<group>"; };
		E7FCD2CD22FD4A8800597004 /* NSFileManager+ListSatisfyFile.h */ = {isa = PBXFileReference; fileEncoding = 4; lastKnownFileType = sourcecode.c.h; path = "NSFileManager+ListSatisfyFile.h"; sourceTree = "<group>"; };
		E7FCD2CE22FD4A8800597004 /* NSString+DetectURL.m */ = {isa = PBXFileReference; fileEncoding = 4; lastKnownFileType = sourcecode.c.objc; path = "NSString+DetectURL.m"; sourceTree = "<group>"; };
		E7FCD2CF22FD4A8800597004 /* NSFileManager+ListSatisfyFile.m */ = {isa = PBXFileReference; fileEncoding = 4; lastKnownFileType = sourcecode.c.objc; path = "NSFileManager+ListSatisfyFile.m"; sourceTree = "<group>"; };
		E7FCD2D022FD4A8800597004 /* NSArray+handleTailFile.h */ = {isa = PBXFileReference; fileEncoding = 4; lastKnownFileType = sourcecode.c.h; path = "NSArray+handleTailFile.h"; sourceTree = "<group>"; };
		E7FCD2D122FD4A8800597004 /* NSString+CompareTimeStamp.h */ = {isa = PBXFileReference; fileEncoding = 4; lastKnownFileType = sourcecode.c.h; path = "NSString+CompareTimeStamp.h"; sourceTree = "<group>"; };
		E7FCD2D222FD4A8800597004 /* NSString+CompareTimeStamp.m */ = {isa = PBXFileReference; fileEncoding = 4; lastKnownFileType = sourcecode.c.objc; path = "NSString+CompareTimeStamp.m"; sourceTree = "<group>"; };
		E7FCD2D822FD4AE200597004 /* BodyModel.m */ = {isa = PBXFileReference; fileEncoding = 4; lastKnownFileType = sourcecode.c.objc; path = BodyModel.m; sourceTree = "<group>"; };
		E7FCD2D922FD4AE200597004 /* BodyModel.h */ = {isa = PBXFileReference; fileEncoding = 4; lastKnownFileType = sourcecode.c.h; path = BodyModel.h; sourceTree = "<group>"; };
		E7FCD2DB22FD4AFC00597004 /* example.json */ = {isa = PBXFileReference; fileEncoding = 4; lastKnownFileType = text.json; path = example.json; sourceTree = "<group>"; };
		E7FCD2DC22FD4AFC00597004 /* ContentModel.m */ = {isa = PBXFileReference; fileEncoding = 4; lastKnownFileType = sourcecode.c.objc; path = ContentModel.m; sourceTree = "<group>"; };
		E7FCD2DD22FD4AFD00597004 /* DataModel.h */ = {isa = PBXFileReference; fileEncoding = 4; lastKnownFileType = sourcecode.c.h; path = DataModel.h; sourceTree = "<group>"; };
		E7FCD2DE22FD4AFD00597004 /* BoxModel.m */ = {isa = PBXFileReference; fileEncoding = 4; lastKnownFileType = sourcecode.c.objc; path = BoxModel.m; sourceTree = "<group>"; };
		E7FCD2DF22FD4AFD00597004 /* NSDictionary+ParseJson.h */ = {isa = PBXFileReference; fileEncoding = 4; lastKnownFileType = sourcecode.c.h; path = "NSDictionary+ParseJson.h"; sourceTree = "<group>"; };
		E7FCD2E022FD4AFD00597004 /* ImageModel.m */ = {isa = PBXFileReference; fileEncoding = 4; lastKnownFileType = sourcecode.c.objc; path = ImageModel.m; sourceTree = "<group>"; };
		E7FCD2E122FD4AFD00597004 /* DataModel.m */ = {isa = PBXFileReference; fileEncoding = 4; lastKnownFileType = sourcecode.c.objc; path = DataModel.m; sourceTree = "<group>"; };
		E7FCD2E222FD4AFD00597004 /* ImageModel.h */ = {isa = PBXFileReference; fileEncoding = 4; lastKnownFileType = sourcecode.c.h; path = ImageModel.h; sourceTree = "<group>"; };
		E7FCD2E322FD4AFD00597004 /* QuestionModel.m */ = {isa = PBXFileReference; fileEncoding = 4; lastKnownFileType = sourcecode.c.objc; path = QuestionModel.m; sourceTree = "<group>"; };
		E7FCD2E422FD4AFD00597004 /* ContentModel.h */ = {isa = PBXFileReference; fileEncoding = 4; lastKnownFileType = sourcecode.c.h; path = ContentModel.h; sourceTree = "<group>"; };
		E7FCD2E522FD4AFE00597004 /* NSDictionary+ParseJson.m */ = {isa = PBXFileReference; fileEncoding = 4; lastKnownFileType = sourcecode.c.objc; path = "NSDictionary+ParseJson.m"; sourceTree = "<group>"; };
		E7FCD2E622FD4AFE00597004 /* BoxModel.h */ = {isa = PBXFileReference; fileEncoding = 4; lastKnownFileType = sourcecode.c.h; path = BoxModel.h; sourceTree = "<group>"; };
		E7FCD2E722FD4AFE00597004 /* QuestionModel.h */ = {isa = PBXFileReference; fileEncoding = 4; lastKnownFileType = sourcecode.c.h; path = QuestionModel.h; sourceTree = "<group>"; };
		E7FCD2EF22FD4BEC00597004 /* HandleContentFile.m */ = {isa = PBXFileReference; fileEncoding = 4; lastKnownFileType = sourcecode.c.objc; path = HandleContentFile.m; sourceTree = "<group>"; };
		E7FCD2F022FD4BEC00597004 /* HandleContentFile.h */ = {isa = PBXFileReference; fileEncoding = 4; lastKnownFileType = sourcecode.c.h; path = HandleContentFile.h; sourceTree = "<group>"; };
		E7FCD2F222FD7C5E00597004 /* InputStream.h */ = {isa = PBXFileReference; lastKnownFileType = sourcecode.c.h; path = InputStream.h; sourceTree = "<group>"; };
		E7FCD2F322FD7C5E00597004 /* InputStream.m */ = {isa = PBXFileReference; lastKnownFileType = sourcecode.c.objc; path = InputStream.m; sourceTree = "<group>"; };
		E7FD20C323221BFB00F08FE1 /* AlertView.h */ = {isa = PBXFileReference; lastKnownFileType = sourcecode.c.h; path = AlertView.h; sourceTree = "<group>"; };
		E7FD20C423221BFB00F08FE1 /* AlertView.m */ = {isa = PBXFileReference; lastKnownFileType = sourcecode.c.objc; path = AlertView.m; sourceTree = "<group>"; };
		E7FD20C623223A2D00F08FE1 /* AlertWindowViewController.h */ = {isa = PBXFileReference; lastKnownFileType = sourcecode.c.h; path = AlertWindowViewController.h; sourceTree = "<group>"; };
		E7FD20C723223A2D00F08FE1 /* AlertWindowViewController.m */ = {isa = PBXFileReference; lastKnownFileType = sourcecode.c.objc; path = AlertWindowViewController.m; sourceTree = "<group>"; };
		E7FDD3B7230595D4008D2C33 /* MyViewController.m */ = {isa = PBXFileReference; fileEncoding = 4; lastKnownFileType = sourcecode.c.objc; path = MyViewController.m; sourceTree = "<group>"; };
		E7FDD3B8230595D5008D2C33 /* MyViewController.h */ = {isa = PBXFileReference; fileEncoding = 4; lastKnownFileType = sourcecode.c.h; path = MyViewController.h; sourceTree = "<group>"; };
		E7FDD3C32305978C008D2C33 /* SingleImageCell.m */ = {isa = PBXFileReference; fileEncoding = 4; lastKnownFileType = sourcecode.c.objc; path = SingleImageCell.m; sourceTree = "<group>"; };
		E7FDD3C42305978C008D2C33 /* SingleImageCell.h */ = {isa = PBXFileReference; fileEncoding = 4; lastKnownFileType = sourcecode.c.h; path = SingleImageCell.h; sourceTree = "<group>"; };
/* End PBXFileReference section */

/* Begin PBXFrameworksBuildPhase section */
		E7FCD29322FD4A2A00597004 /* Frameworks */ = {
			isa = PBXFrameworksBuildPhase;
			buildActionMask = 2147483647;
			files = (
			);
			runOnlyForDeploymentPostprocessing = 0;
		};
		E7FCD2AB22FD4A2B00597004 /* Frameworks */ = {
			isa = PBXFrameworksBuildPhase;
			buildActionMask = 2147483647;
			files = (
			);
			runOnlyForDeploymentPostprocessing = 0;
		};
		E7FCD2B622FD4A2B00597004 /* Frameworks */ = {
			isa = PBXFrameworksBuildPhase;
			buildActionMask = 2147483647;
			files = (
			);
			runOnlyForDeploymentPostprocessing = 0;
		};
/* End PBXFrameworksBuildPhase section */

/* Begin PBXGroup section */
		E78A06DA230E7BAC00C2DA1B /* BigListPost */ = {
			isa = PBXGroup;
			children = (
			);
			path = BigListPost;
			sourceTree = "<group>";
		};
		E7FCD28D22FD4A2A00597004 = {
			isa = PBXGroup;
			children = (
				E7FCD29822FD4A2A00597004 /* bacsicObjC */,
				E7FCD2B122FD4A2B00597004 /* bacsicObjCTests */,
				E7FCD2BC22FD4A2B00597004 /* bacsicObjCUITests */,
				E7FCD29722FD4A2A00597004 /* Products */,
			);
			sourceTree = "<group>";
		};
		E7FCD29722FD4A2A00597004 /* Products */ = {
			isa = PBXGroup;
			children = (
				E7FCD29622FD4A2A00597004 /* bacsicObjC.app */,
				E7FCD2AE22FD4A2B00597004 /* bacsicObjCTests.xctest */,
				E7FCD2B922FD4A2B00597004 /* bacsicObjCUITests.xctest */,
			);
			name = Products;
			sourceTree = "<group>";
		};
		E7FCD29822FD4A2A00597004 /* bacsicObjC */ = {
			isa = PBXGroup;
			children = (
				E78A06DA230E7BAC00C2DA1B /* BigListPost */,
				E7FCD2D722FD4AB100597004 /* ParseJsonForAPost */,
				E7FDD3C22305967D008D2C33 /* listFileSatisfy */,
				E7FDD3C123059664008D2C33 /* detectURL */,
				E7FDD3C023059651008D2C33 /* compareTimeStamp */,
				E7FDD3BF23059634008D2C33 /* handleTailFile */,
				E7FDD3BE23059614008D2C33 /* handleContentFile */,
				E7FDD3BA230595DB008D2C33 /* ListFramePost_UsingNavigation */,
				E7FDD3AE230520C5008D2C33 /* rotateScreen */,
				E7FCD29922FD4A2A00597004 /* AppDelegate.h */,
				E7FCD29A22FD4A2A00597004 /* AppDelegate.m */,
				E7FCD29C22FD4A2A00597004 /* ViewController.h */,
				E7FCD29D22FD4A2A00597004 /* ViewController.m */,
				E7FCD29F22FD4A2A00597004 /* Main.storyboard */,
				E7FCD2A222FD4A2B00597004 /* Assets.xcassets */,
				E7FCD2A422FD4A2B00597004 /* LaunchScreen.storyboard */,
				E7FCD2A722FD4A2B00597004 /* Info.plist */,
				E7FCD2A822FD4A2B00597004 /* main.m */,
			);
			path = bacsicObjC;
			sourceTree = "<group>";
		};
		E7FCD2B122FD4A2B00597004 /* bacsicObjCTests */ = {
			isa = PBXGroup;
			children = (
				E7FCD2B222FD4A2B00597004 /* bacsicObjCTests.m */,
				E7FCD2B422FD4A2B00597004 /* Info.plist */,
				E700149822FFF9C60009AA43 /* testHandleContentFile.m */,
			);
			path = bacsicObjCTests;
			sourceTree = "<group>";
		};
		E7FCD2BC22FD4A2B00597004 /* bacsicObjCUITests */ = {
			isa = PBXGroup;
			children = (
				E7FCD2BD22FD4A2B00597004 /* bacsicObjCUITests.m */,
				E7FCD2BF22FD4A2B00597004 /* Info.plist */,
			);
			path = bacsicObjCUITests;
			sourceTree = "<group>";
		};
		E7FCD2D722FD4AB100597004 /* ParseJsonForAPost */ = {
			isa = PBXGroup;
			children = (
				E7FCD2D922FD4AE200597004 /* BodyModel.h */,
				E7FCD2D822FD4AE200597004 /* BodyModel.m */,
				E7FCD2E622FD4AFE00597004 /* BoxModel.h */,
				E7FCD2DE22FD4AFD00597004 /* BoxModel.m */,
				E7FCD2E422FD4AFD00597004 /* ContentModel.h */,
				E7FCD2DC22FD4AFC00597004 /* ContentModel.m */,
				E7FCD2DD22FD4AFD00597004 /* DataModel.h */,
				E7FCD2E122FD4AFD00597004 /* DataModel.m */,
				E7FCD2DB22FD4AFC00597004 /* example.json */,
				E7FCD2E222FD4AFD00597004 /* ImageModel.h */,
				E7FCD2E022FD4AFD00597004 /* ImageModel.m */,
				E7FCD2DF22FD4AFD00597004 /* NSDictionary+ParseJson.h */,
				E7FCD2E522FD4AFE00597004 /* NSDictionary+ParseJson.m */,
				E7FCD2E722FD4AFE00597004 /* QuestionModel.h */,
				E7FCD2E322FD4AFD00597004 /* QuestionModel.m */,
			);
			path = ParseJsonForAPost;
			sourceTree = "<group>";
		};
		E7FDD3AE230520C5008D2C33 /* rotateScreen */ = {
			isa = PBXGroup;
			children = (
				E7FDD3B8230595D5008D2C33 /* MyViewController.h */,
				E7FDD3B7230595D4008D2C33 /* MyViewController.m */,
			);
			path = rotateScreen;
			sourceTree = "<group>";
		};
		E7FDD3BA230595DB008D2C33 /* ListFramePost_UsingNavigation */ = {
			isa = PBXGroup;
			children = (
				E716741F2320EAD200D5D6E4 /* MainCollectionViewController.h */,
				E71674202320EAD200D5D6E4 /* MainCollectionViewController.m */,
				E7FD20C623223A2D00F08FE1 /* AlertWindowViewController.h */,
				E7FD20C723223A2D00F08FE1 /* AlertWindowViewController.m */,
				E7FD20C323221BFB00F08FE1 /* AlertView.h */,
				E7FD20C423221BFB00F08FE1 /* AlertView.m */,
				E78A06E1230EAB2800C2DA1B /* ParentsCell.h */,
				E78A06E2230EAB2800C2DA1B /* ParentsCell.m */,
				E78A06DB230E7C4800C2DA1B /* BigImageCell.h */,
				E78A06DC230E7C4800C2DA1B /* BigImageCell.m */,
				E7FDD3C42305978C008D2C33 /* SingleImageCell.h */,
				E7FDD3C32305978C008D2C33 /* SingleImageCell.m */,
				E78A06D6230E4E0900C2DA1B /* ThreeImageCell.h */,
				E78A06D7230E4E0900C2DA1B /* ThreeImageCell.m */,
				E70588B523065F4A0055BDDF /* SecondViewController.h */,
				E70588B623065F4A0055BDDF /* SecondViewController.m */,
				E76E5F192314D8C800F51339 /* FeedAPI.h */,
				E76E5F1A2314D8C800F51339 /* FeedAPI.m */,
				E7FB9C14230930A3000D66AE /* ConnectData.h */,
				E7FB9C15230930A3000D66AE /* ConnectData.m */,
				E78A06D3230E495D00C2DA1B /* MainViewController.h */,
				E78A06D4230E495D00C2DA1B /* MainViewController.m */,
				E76E5F162313841900F51339 /* Define.h */,
			);
			path = ListFramePost_UsingNavigation;
			sourceTree = "<group>";
		};
		E7FDD3BE23059614008D2C33 /* handleContentFile */ = {
			isa = PBXGroup;
			children = (
				E700767A230114C100F0FCD8 /* Stream.h */,
				E700767B230114C100F0FCD8 /* Stream.m */,
				E7FCD2F222FD7C5E00597004 /* InputStream.h */,
				E7FCD2F322FD7C5E00597004 /* InputStream.m */,
				E70249FA22FFBFFE004552A6 /* OutputStream.h */,
				E70249FB22FFBFFE004552A6 /* OutputStream.m */,
				E700149522FFE1E40009AA43 /* NSFileHandle+ReadFlowChunks.h */,
				E700149622FFE1E40009AA43 /* NSFileHandle+ReadFlowChunks.m */,
				E7FCD2F022FD4BEC00597004 /* HandleContentFile.h */,
				E7FCD2EF22FD4BEC00597004 /* HandleContentFile.m */,
				E701AF0C230171550024E4B3 /* NSFileManager+InteractWithFile.h */,
				E701AF0D230171550024E4B3 /* NSFileManager+InteractWithFile.m */,
			);
			path = handleContentFile;
			sourceTree = "<group>";
		};
		E7FDD3BF23059634008D2C33 /* handleTailFile */ = {
			isa = PBXGroup;
			children = (
				E7FCD2D022FD4A8800597004 /* NSArray+handleTailFile.h */,
				E7FCD2CC22FD4A8800597004 /* NSArray+handleTailFile.m */,
			);
			path = handleTailFile;
			sourceTree = "<group>";
		};
		E7FDD3C023059651008D2C33 /* compareTimeStamp */ = {
			isa = PBXGroup;
			children = (
				E7FCD2D122FD4A8800597004 /* NSString+CompareTimeStamp.h */,
				E7FCD2D222FD4A8800597004 /* NSString+CompareTimeStamp.m */,
			);
			path = compareTimeStamp;
			sourceTree = "<group>";
		};
		E7FDD3C123059664008D2C33 /* detectURL */ = {
			isa = PBXGroup;
			children = (
				E7FCD2CB22FD4A8800597004 /* NSString+DetectURL.h */,
				E7FCD2CE22FD4A8800597004 /* NSString+DetectURL.m */,
			);
			path = detectURL;
			sourceTree = "<group>";
		};
		E7FDD3C22305967D008D2C33 /* listFileSatisfy */ = {
			isa = PBXGroup;
			children = (
				E7FCD2CD22FD4A8800597004 /* NSFileManager+ListSatisfyFile.h */,
				E7FCD2CF22FD4A8800597004 /* NSFileManager+ListSatisfyFile.m */,
			);
			path = listFileSatisfy;
			sourceTree = "<group>";
		};
/* End PBXGroup section */

/* Begin PBXNativeTarget section */
		E7FCD29522FD4A2A00597004 /* bacsicObjC */ = {
			isa = PBXNativeTarget;
			buildConfigurationList = E7FCD2C222FD4A2B00597004 /* Build configuration list for PBXNativeTarget "bacsicObjC" */;
			buildPhases = (
				E7FCD29222FD4A2A00597004 /* Sources */,
				E7FCD29322FD4A2A00597004 /* Frameworks */,
				E7FCD29422FD4A2A00597004 /* Resources */,
			);
			buildRules = (
			);
			dependencies = (
			);
			name = bacsicObjC;
			productName = bacsicObjC;
			productReference = E7FCD29622FD4A2A00597004 /* bacsicObjC.app */;
			productType = "com.apple.product-type.application";
		};
		E7FCD2AD22FD4A2B00597004 /* bacsicObjCTests */ = {
			isa = PBXNativeTarget;
			buildConfigurationList = E7FCD2C522FD4A2B00597004 /* Build configuration list for PBXNativeTarget "bacsicObjCTests" */;
			buildPhases = (
				E7FCD2AA22FD4A2B00597004 /* Sources */,
				E7FCD2AB22FD4A2B00597004 /* Frameworks */,
				E7FCD2AC22FD4A2B00597004 /* Resources */,
			);
			buildRules = (
			);
			dependencies = (
				E7FCD2B022FD4A2B00597004 /* PBXTargetDependency */,
			);
			name = bacsicObjCTests;
			productName = bacsicObjCTests;
			productReference = E7FCD2AE22FD4A2B00597004 /* bacsicObjCTests.xctest */;
			productType = "com.apple.product-type.bundle.unit-test";
		};
		E7FCD2B822FD4A2B00597004 /* bacsicObjCUITests */ = {
			isa = PBXNativeTarget;
			buildConfigurationList = E7FCD2C822FD4A2B00597004 /* Build configuration list for PBXNativeTarget "bacsicObjCUITests" */;
			buildPhases = (
				E7FCD2B522FD4A2B00597004 /* Sources */,
				E7FCD2B622FD4A2B00597004 /* Frameworks */,
				E7FCD2B722FD4A2B00597004 /* Resources */,
			);
			buildRules = (
			);
			dependencies = (
				E7FCD2BB22FD4A2B00597004 /* PBXTargetDependency */,
			);
			name = bacsicObjCUITests;
			productName = bacsicObjCUITests;
			productReference = E7FCD2B922FD4A2B00597004 /* bacsicObjCUITests.xctest */;
			productType = "com.apple.product-type.bundle.ui-testing";
		};
/* End PBXNativeTarget section */

/* Begin PBXProject section */
		E7FCD28E22FD4A2A00597004 /* Project object */ = {
			isa = PBXProject;
			attributes = {
				LastUpgradeCheck = 1030;
				ORGANIZATIONNAME = CPU11606;
				TargetAttributes = {
					E7FCD29522FD4A2A00597004 = {
						CreatedOnToolsVersion = 10.3;
					};
					E7FCD2AD22FD4A2B00597004 = {
						CreatedOnToolsVersion = 10.3;
						TestTargetID = E7FCD29522FD4A2A00597004;
					};
					E7FCD2B822FD4A2B00597004 = {
						CreatedOnToolsVersion = 10.3;
						TestTargetID = E7FCD29522FD4A2A00597004;
					};
				};
			};
			buildConfigurationList = E7FCD29122FD4A2A00597004 /* Build configuration list for PBXProject "bacsicObjC" */;
			compatibilityVersion = "Xcode 9.3";
			developmentRegion = en;
			hasScannedForEncodings = 0;
			knownRegions = (
				en,
				Base,
			);
			mainGroup = E7FCD28D22FD4A2A00597004;
			productRefGroup = E7FCD29722FD4A2A00597004 /* Products */;
			projectDirPath = "";
			projectRoot = "";
			targets = (
				E7FCD29522FD4A2A00597004 /* bacsicObjC */,
				E7FCD2AD22FD4A2B00597004 /* bacsicObjCTests */,
				E7FCD2B822FD4A2B00597004 /* bacsicObjCUITests */,
			);
		};
/* End PBXProject section */

/* Begin PBXResourcesBuildPhase section */
		E7FCD29422FD4A2A00597004 /* Resources */ = {
			isa = PBXResourcesBuildPhase;
			buildActionMask = 2147483647;
			files = (
				E7FCD2E822FD4AFE00597004 /* example.json in Resources */,
				E7FCD2A622FD4A2B00597004 /* LaunchScreen.storyboard in Resources */,
				E7FCD2A322FD4A2B00597004 /* Assets.xcassets in Resources */,
				E7FCD2A122FD4A2A00597004 /* Main.storyboard in Resources */,
			);
			runOnlyForDeploymentPostprocessing = 0;
		};
		E7FCD2AC22FD4A2B00597004 /* Resources */ = {
			isa = PBXResourcesBuildPhase;
			buildActionMask = 2147483647;
			files = (
			);
			runOnlyForDeploymentPostprocessing = 0;
		};
		E7FCD2B722FD4A2B00597004 /* Resources */ = {
			isa = PBXResourcesBuildPhase;
			buildActionMask = 2147483647;
			files = (
			);
			runOnlyForDeploymentPostprocessing = 0;
		};
/* End PBXResourcesBuildPhase section */

/* Begin PBXSourcesBuildPhase section */
		E7FCD29222FD4A2A00597004 /* Sources */ = {
			isa = PBXSourcesBuildPhase;
			buildActionMask = 2147483647;
			files = (
				E7FCD2EB22FD4AFE00597004 /* ImageModel.m in Sources */,
				E700767C230114C100F0FCD8 /* Stream.m in Sources */,
				E7FCD2ED22FD4AFE00597004 /* QuestionModel.m in Sources */,
				E7FCD2D522FD4A8800597004 /* NSFileManager+ListSatisfyFile.m in Sources */,
				E70588B723065F4A0055BDDF /* SecondViewController.m in Sources */,
				E71674212320EAD200D5D6E4 /* MainCollectionViewController.m in Sources */,
				E7FCD2D322FD4A8800597004 /* NSArray+handleTailFile.m in Sources */,
				E70249FC22FFBFFE004552A6 /* OutputStream.m in Sources */,
				E7FB9C16230930A3000D66AE /* ConnectData.m in Sources */,
				E7FCD2F422FD7C5E00597004 /* InputStream.m in Sources */,
				E700149722FFE1E40009AA43 /* NSFileHandle+ReadFlowChunks.m in Sources */,
				E78A06D5230E495D00C2DA1B /* MainViewController.m in Sources */,
				E7FDD3B9230595D5008D2C33 /* MyViewController.m in Sources */,
				E701AF0E230171550024E4B3 /* NSFileManager+InteractWithFile.m in Sources */,
				E7FCD29E22FD4A2A00597004 /* ViewController.m in Sources */,
				E78A06E3230EAB2800C2DA1B /* ParentsCell.m in Sources */,
				E7FCD2A922FD4A2B00597004 /* main.m in Sources */,
				E7FDD3C52305978C008D2C33 /* SingleImageCell.m in Sources */,
				E7FCD29B22FD4A2A00597004 /* AppDelegate.m in Sources */,
				E7FD20C523221BFB00F08FE1 /* AlertView.m in Sources */,
				E7FCD2EA22FD4AFE00597004 /* BoxModel.m in Sources */,
				E7FCD2D422FD4A8800597004 /* NSString+DetectURL.m in Sources */,
				E7FCD2D622FD4A8800597004 /* NSString+CompareTimeStamp.m in Sources */,
				E7FCD2E922FD4AFE00597004 /* ContentModel.m in Sources */,
				E7FD20C823223A2D00F08FE1 /* AlertWindowViewController.m in Sources */,
				E7FCD2DA22FD4AE200597004 /* BodyModel.m in Sources */,
				E7FCD2F122FD4BEC00597004 /* HandleContentFile.m in Sources */,
				E7FCD2EE22FD4AFE00597004 /* NSDictionary+ParseJson.m in Sources */,
				E78A06DD230E7C4800C2DA1B /* BigImageCell.m in Sources */,
				E7FCD2EC22FD4AFE00597004 /* DataModel.m in Sources */,
				E78A06D8230E4E0900C2DA1B /* ThreeImageCell.m in Sources */,
				E76E5F1B2314D8C800F51339 /* FeedAPI.m in Sources */,
			);
			runOnlyForDeploymentPostprocessing = 0;
		};
		E7FCD2AA22FD4A2B00597004 /* Sources */ = {
			isa = PBXSourcesBuildPhase;
			buildActionMask = 2147483647;
			files = (
				E7FCD2B322FD4A2B00597004 /* bacsicObjCTests.m in Sources */,
				E700149922FFF9C60009AA43 /* testHandleContentFile.m in Sources */,
			);
			runOnlyForDeploymentPostprocessing = 0;
		};
		E7FCD2B522FD4A2B00597004 /* Sources */ = {
			isa = PBXSourcesBuildPhase;
			buildActionMask = 2147483647;
			files = (
				E7FCD2BE22FD4A2B00597004 /* bacsicObjCUITests.m in Sources */,
			);
			runOnlyForDeploymentPostprocessing = 0;
		};
/* End PBXSourcesBuildPhase section */

/* Begin PBXTargetDependency section */
		E7FCD2B022FD4A2B00597004 /* PBXTargetDependency */ = {
			isa = PBXTargetDependency;
			target = E7FCD29522FD4A2A00597004 /* bacsicObjC */;
			targetProxy = E7FCD2AF22FD4A2B00597004 /* PBXContainerItemProxy */;
		};
		E7FCD2BB22FD4A2B00597004 /* PBXTargetDependency */ = {
			isa = PBXTargetDependency;
			target = E7FCD29522FD4A2A00597004 /* bacsicObjC */;
			targetProxy = E7FCD2BA22FD4A2B00597004 /* PBXContainerItemProxy */;
		};
/* End PBXTargetDependency section */

/* Begin PBXVariantGroup section */
		E7FCD29F22FD4A2A00597004 /* Main.storyboard */ = {
			isa = PBXVariantGroup;
			children = (
				E7FCD2A022FD4A2A00597004 /* Base */,
			);
			name = Main.storyboard;
			sourceTree = "<group>";
		};
		E7FCD2A422FD4A2B00597004 /* LaunchScreen.storyboard */ = {
			isa = PBXVariantGroup;
			children = (
				E7FCD2A522FD4A2B00597004 /* Base */,
			);
			name = LaunchScreen.storyboard;
			sourceTree = "<group>";
		};
/* End PBXVariantGroup section */

/* Begin XCBuildConfiguration section */
		E7FCD2C022FD4A2B00597004 /* Debug */ = {
			isa = XCBuildConfiguration;
			buildSettings = {
				ALWAYS_SEARCH_USER_PATHS = NO;
				CLANG_ANALYZER_NONNULL = YES;
				CLANG_ANALYZER_NUMBER_OBJECT_CONVERSION = YES_AGGRESSIVE;
				CLANG_CXX_LANGUAGE_STANDARD = "gnu++14";
				CLANG_CXX_LIBRARY = "libc++";
				CLANG_ENABLE_MODULES = YES;
				CLANG_ENABLE_OBJC_ARC = YES;
				CLANG_ENABLE_OBJC_WEAK = YES;
				CLANG_WARN_BLOCK_CAPTURE_AUTORELEASING = YES;
				CLANG_WARN_BOOL_CONVERSION = YES;
				CLANG_WARN_COMMA = YES;
				CLANG_WARN_CONSTANT_CONVERSION = YES;
				CLANG_WARN_DEPRECATED_OBJC_IMPLEMENTATIONS = YES;
				CLANG_WARN_DIRECT_OBJC_ISA_USAGE = YES_ERROR;
				CLANG_WARN_DOCUMENTATION_COMMENTS = YES;
				CLANG_WARN_EMPTY_BODY = YES;
				CLANG_WARN_ENUM_CONVERSION = YES;
				CLANG_WARN_INFINITE_RECURSION = YES;
				CLANG_WARN_INT_CONVERSION = YES;
				CLANG_WARN_NON_LITERAL_NULL_CONVERSION = YES;
				CLANG_WARN_OBJC_IMPLICIT_RETAIN_SELF = YES;
				CLANG_WARN_OBJC_LITERAL_CONVERSION = YES;
				CLANG_WARN_OBJC_ROOT_CLASS = YES_ERROR;
				CLANG_WARN_RANGE_LOOP_ANALYSIS = YES;
				CLANG_WARN_STRICT_PROTOTYPES = YES;
				CLANG_WARN_SUSPICIOUS_MOVE = YES;
				CLANG_WARN_UNGUARDED_AVAILABILITY = YES_AGGRESSIVE;
				CLANG_WARN_UNREACHABLE_CODE = YES;
				CLANG_WARN__DUPLICATE_METHOD_MATCH = YES;
				CODE_SIGN_IDENTITY = "iPhone Developer";
				COPY_PHASE_STRIP = NO;
				DEBUG_INFORMATION_FORMAT = dwarf;
				ENABLE_STRICT_OBJC_MSGSEND = YES;
				ENABLE_TESTABILITY = YES;
				GCC_C_LANGUAGE_STANDARD = gnu11;
				GCC_DYNAMIC_NO_PIC = NO;
				GCC_NO_COMMON_BLOCKS = YES;
				GCC_OPTIMIZATION_LEVEL = 0;
				GCC_PREPROCESSOR_DEFINITIONS = (
					"DEBUG=1",
					"$(inherited)",
				);
				GCC_WARN_64_TO_32_BIT_CONVERSION = YES;
				GCC_WARN_ABOUT_RETURN_TYPE = YES_ERROR;
				GCC_WARN_UNDECLARED_SELECTOR = YES;
				GCC_WARN_UNINITIALIZED_AUTOS = YES_AGGRESSIVE;
				GCC_WARN_UNUSED_FUNCTION = YES;
				GCC_WARN_UNUSED_VARIABLE = YES;
				IPHONEOS_DEPLOYMENT_TARGET = 12.4;
				MTL_ENABLE_DEBUG_INFO = INCLUDE_SOURCE;
				MTL_FAST_MATH = YES;
				ONLY_ACTIVE_ARCH = YES;
				SDKROOT = iphoneos;
			};
			name = Debug;
		};
		E7FCD2C122FD4A2B00597004 /* Release */ = {
			isa = XCBuildConfiguration;
			buildSettings = {
				ALWAYS_SEARCH_USER_PATHS = NO;
				CLANG_ANALYZER_NONNULL = YES;
				CLANG_ANALYZER_NUMBER_OBJECT_CONVERSION = YES_AGGRESSIVE;
				CLANG_CXX_LANGUAGE_STANDARD = "gnu++14";
				CLANG_CXX_LIBRARY = "libc++";
				CLANG_ENABLE_MODULES = YES;
				CLANG_ENABLE_OBJC_ARC = YES;
				CLANG_ENABLE_OBJC_WEAK = YES;
				CLANG_WARN_BLOCK_CAPTURE_AUTORELEASING = YES;
				CLANG_WARN_BOOL_CONVERSION = YES;
				CLANG_WARN_COMMA = YES;
				CLANG_WARN_CONSTANT_CONVERSION = YES;
				CLANG_WARN_DEPRECATED_OBJC_IMPLEMENTATIONS = YES;
				CLANG_WARN_DIRECT_OBJC_ISA_USAGE = YES_ERROR;
				CLANG_WARN_DOCUMENTATION_COMMENTS = YES;
				CLANG_WARN_EMPTY_BODY = YES;
				CLANG_WARN_ENUM_CONVERSION = YES;
				CLANG_WARN_INFINITE_RECURSION = YES;
				CLANG_WARN_INT_CONVERSION = YES;
				CLANG_WARN_NON_LITERAL_NULL_CONVERSION = YES;
				CLANG_WARN_OBJC_IMPLICIT_RETAIN_SELF = YES;
				CLANG_WARN_OBJC_LITERAL_CONVERSION = YES;
				CLANG_WARN_OBJC_ROOT_CLASS = YES_ERROR;
				CLANG_WARN_RANGE_LOOP_ANALYSIS = YES;
				CLANG_WARN_STRICT_PROTOTYPES = YES;
				CLANG_WARN_SUSPICIOUS_MOVE = YES;
				CLANG_WARN_UNGUARDED_AVAILABILITY = YES_AGGRESSIVE;
				CLANG_WARN_UNREACHABLE_CODE = YES;
				CLANG_WARN__DUPLICATE_METHOD_MATCH = YES;
				CODE_SIGN_IDENTITY = "iPhone Developer";
				COPY_PHASE_STRIP = NO;
				DEBUG_INFORMATION_FORMAT = "dwarf-with-dsym";
				ENABLE_NS_ASSERTIONS = NO;
				ENABLE_STRICT_OBJC_MSGSEND = YES;
				GCC_C_LANGUAGE_STANDARD = gnu11;
				GCC_NO_COMMON_BLOCKS = YES;
				GCC_WARN_64_TO_32_BIT_CONVERSION = YES;
				GCC_WARN_ABOUT_RETURN_TYPE = YES_ERROR;
				GCC_WARN_UNDECLARED_SELECTOR = YES;
				GCC_WARN_UNINITIALIZED_AUTOS = YES_AGGRESSIVE;
				GCC_WARN_UNUSED_FUNCTION = YES;
				GCC_WARN_UNUSED_VARIABLE = YES;
				IPHONEOS_DEPLOYMENT_TARGET = 12.4;
				MTL_ENABLE_DEBUG_INFO = NO;
				MTL_FAST_MATH = YES;
				SDKROOT = iphoneos;
				VALIDATE_PRODUCT = YES;
			};
			name = Release;
		};
		E7FCD2C322FD4A2B00597004 /* Debug */ = {
			isa = XCBuildConfiguration;
			buildSettings = {
				ASSETCATALOG_COMPILER_APPICON_NAME = AppIcon;
				CODE_SIGN_STYLE = Automatic;
				INFOPLIST_FILE = bacsicObjC/Info.plist;
				LD_RUNPATH_SEARCH_PATHS = (
					"$(inherited)",
					"@executable_path/Frameworks",
				);
				PRODUCT_BUNDLE_IDENTIFIER = enums.bacsicObjC;
				PRODUCT_NAME = "$(TARGET_NAME)";
				TARGETED_DEVICE_FAMILY = "1,2";
			};
			name = Debug;
		};
		E7FCD2C422FD4A2B00597004 /* Release */ = {
			isa = XCBuildConfiguration;
			buildSettings = {
				ASSETCATALOG_COMPILER_APPICON_NAME = AppIcon;
				CODE_SIGN_STYLE = Automatic;
				INFOPLIST_FILE = bacsicObjC/Info.plist;
				LD_RUNPATH_SEARCH_PATHS = (
					"$(inherited)",
					"@executable_path/Frameworks",
				);
				PRODUCT_BUNDLE_IDENTIFIER = enums.bacsicObjC;
				PRODUCT_NAME = "$(TARGET_NAME)";
				TARGETED_DEVICE_FAMILY = "1,2";
			};
			name = Release;
		};
		E7FCD2C622FD4A2B00597004 /* Debug */ = {
			isa = XCBuildConfiguration;
			buildSettings = {
				BUNDLE_LOADER = "$(TEST_HOST)";
				CODE_SIGN_STYLE = Automatic;
				INFOPLIST_FILE = bacsicObjCTests/Info.plist;
				LD_RUNPATH_SEARCH_PATHS = (
					"$(inherited)",
					"@executable_path/Frameworks",
					"@loader_path/Frameworks",
				);
				PRODUCT_BUNDLE_IDENTIFIER = enums.bacsicObjCTests;
				PRODUCT_NAME = "$(TARGET_NAME)";
				TARGETED_DEVICE_FAMILY = "1,2";
				TEST_HOST = "$(BUILT_PRODUCTS_DIR)/bacsicObjC.app/bacsicObjC";
			};
			name = Debug;
		};
		E7FCD2C722FD4A2B00597004 /* Release */ = {
			isa = XCBuildConfiguration;
			buildSettings = {
				BUNDLE_LOADER = "$(TEST_HOST)";
				CODE_SIGN_STYLE = Automatic;
				INFOPLIST_FILE = bacsicObjCTests/Info.plist;
				LD_RUNPATH_SEARCH_PATHS = (
					"$(inherited)",
					"@executable_path/Frameworks",
					"@loader_path/Frameworks",
				);
				PRODUCT_BUNDLE_IDENTIFIER = enums.bacsicObjCTests;
				PRODUCT_NAME = "$(TARGET_NAME)";
				TARGETED_DEVICE_FAMILY = "1,2";
				TEST_HOST = "$(BUILT_PRODUCTS_DIR)/bacsicObjC.app/bacsicObjC";
			};
			name = Release;
		};
		E7FCD2C922FD4A2B00597004 /* Debug */ = {
			isa = XCBuildConfiguration;
			buildSettings = {
				CODE_SIGN_STYLE = Automatic;
				INFOPLIST_FILE = bacsicObjCUITests/Info.plist;
				LD_RUNPATH_SEARCH_PATHS = (
					"$(inherited)",
					"@executable_path/Frameworks",
					"@loader_path/Frameworks",
				);
				PRODUCT_BUNDLE_IDENTIFIER = enums.bacsicObjCUITests;
				PRODUCT_NAME = "$(TARGET_NAME)";
				TARGETED_DEVICE_FAMILY = "1,2";
				TEST_TARGET_NAME = bacsicObjC;
			};
			name = Debug;
		};
		E7FCD2CA22FD4A2B00597004 /* Release */ = {
			isa = XCBuildConfiguration;
			buildSettings = {
				CODE_SIGN_STYLE = Automatic;
				INFOPLIST_FILE = bacsicObjCUITests/Info.plist;
				LD_RUNPATH_SEARCH_PATHS = (
					"$(inherited)",
					"@executable_path/Frameworks",
					"@loader_path/Frameworks",
				);
				PRODUCT_BUNDLE_IDENTIFIER = enums.bacsicObjCUITests;
				PRODUCT_NAME = "$(TARGET_NAME)";
				TARGETED_DEVICE_FAMILY = "1,2";
				TEST_TARGET_NAME = bacsicObjC;
			};
			name = Release;
		};
/* End XCBuildConfiguration section */

/* Begin XCConfigurationList section */
		E7FCD29122FD4A2A00597004 /* Build configuration list for PBXProject "bacsicObjC" */ = {
			isa = XCConfigurationList;
			buildConfigurations = (
				E7FCD2C022FD4A2B00597004 /* Debug */,
				E7FCD2C122FD4A2B00597004 /* Release */,
			);
			defaultConfigurationIsVisible = 0;
			defaultConfigurationName = Release;
		};
		E7FCD2C222FD4A2B00597004 /* Build configuration list for PBXNativeTarget "bacsicObjC" */ = {
			isa = XCConfigurationList;
			buildConfigurations = (
				E7FCD2C322FD4A2B00597004 /* Debug */,
				E7FCD2C422FD4A2B00597004 /* Release */,
			);
			defaultConfigurationIsVisible = 0;
			defaultConfigurationName = Release;
		};
		E7FCD2C522FD4A2B00597004 /* Build configuration list for PBXNativeTarget "bacsicObjCTests" */ = {
			isa = XCConfigurationList;
			buildConfigurations = (
				E7FCD2C622FD4A2B00597004 /* Debug */,
				E7FCD2C722FD4A2B00597004 /* Release */,
			);
			defaultConfigurationIsVisible = 0;
			defaultConfigurationName = Release;
		};
		E7FCD2C822FD4A2B00597004 /* Build configuration list for PBXNativeTarget "bacsicObjCUITests" */ = {
			isa = XCConfigurationList;
			buildConfigurations = (
				E7FCD2C922FD4A2B00597004 /* Debug */,
				E7FCD2CA22FD4A2B00597004 /* Release */,
			);
			defaultConfigurationIsVisible = 0;
			defaultConfigurationName = Release;
		};
/* End XCConfigurationList section */
	};
	rootObject = E7FCD28E22FD4A2A00597004 /* Project object */;
}
