// !$*UTF8*$!
{
	archiveVersion = 1;
	classes = {
	};
	objectVersion = 50;
	objects = {

/* Begin PBXBuildFile section */
		52B4681C237AB81D00A9092C /* AppDelegate.m in Sources */ = {isa = PBXBuildFile; fileRef = 52B4681B237AB81D00A9092C /* AppDelegate.m */; };
		52B4681F237AB81D00A9092C /* ViewController.m in Sources */ = {isa = PBXBuildFile; fileRef = 52B4681E237AB81D00A9092C /* ViewController.m */; };
		52B46822237AB81D00A9092C /* Main.storyboard in Resources */ = {isa = PBXBuildFile; fileRef = 52B46820237AB81D00A9092C /* Main.storyboard */; };
		52B46824237AB81F00A9092C /* Assets.xcassets in Resources */ = {isa = PBXBuildFile; fileRef = 52B46823237AB81F00A9092C /* Assets.xcassets */; };
		52B46827237AB81F00A9092C /* LaunchScreen.storyboard in Resources */ = {isa = PBXBuildFile; fileRef = 52B46825237AB81F00A9092C /* LaunchScreen.storyboard */; };
		52B4682A237AB81F00A9092C /* main.m in Sources */ = {isa = PBXBuildFile; fileRef = 52B46829237AB81F00A9092C /* main.m */; };
		52B46834237AB81F00A9092C /* testXTests.m in Sources */ = {isa = PBXBuildFile; fileRef = 52B46833237AB81F00A9092C /* testXTests.m */; };
		52B4683F237AB81F00A9092C /* testXUITests.m in Sources */ = {isa = PBXBuildFile; fileRef = 52B4683E237AB81F00A9092C /* testXUITests.m */; };
/* End PBXBuildFile section */

/* Begin PBXContainerItemProxy section */
		52B46830237AB81F00A9092C /* PBXContainerItemProxy */ = {
			isa = PBXContainerItemProxy;
			containerPortal = 52B4680F237AB81D00A9092C /* Project object */;
			proxyType = 1;
			remoteGlobalIDString = 52B46816237AB81D00A9092C;
			remoteInfo = testX;
		};
		52B4683B237AB81F00A9092C /* PBXContainerItemProxy */ = {
			isa = PBXContainerItemProxy;
			containerPortal = 52B4680F237AB81D00A9092C /* Project object */;
			proxyType = 1;
			remoteGlobalIDString = 52B46816237AB81D00A9092C;
			remoteInfo = testX;
		};
/* End PBXContainerItemProxy section */

/* Begin PBXFileReference section */
		52B46817237AB81D00A9092C /* testX.app */ = {isa = PBXFileReference; explicitFileType = wrapper.application; includeInIndex = 0; path = testX.app; sourceTree = BUILT_PRODUCTS_DIR; };
		52B4681A237AB81D00A9092C /* AppDelegate.h */ = {isa = PBXFileReference; lastKnownFileType = sourcecode.c.h; path = AppDelegate.h; sourceTree = "<group>"; };
		52B4681B237AB81D00A9092C /* AppDelegate.m */ = {isa = PBXFileReference; lastKnownFileType = sourcecode.c.objc; path = AppDelegate.m; sourceTree = "<group>"; };
		52B4681D237AB81D00A9092C /* ViewController.h */ = {isa = PBXFileReference; lastKnownFileType = sourcecode.c.h; path = ViewController.h; sourceTree = "<group>"; };
		52B4681E237AB81D00A9092C /* ViewController.m */ = {isa = PBXFileReference; lastKnownFileType = sourcecode.c.objc; path = ViewController.m; sourceTree = "<group>"; };
		52B46821237AB81D00A9092C /* Base */ = {isa = PBXFileReference; lastKnownFileType = file.storyboard; name = Base; path = Base.lproj/Main.storyboard; sourceTree = "<group>"; };
		52B46823237AB81F00A9092C /* Assets.xcassets */ = {isa = PBXFileReference; lastKnownFileType = folder.assetcatalog; path = Assets.xcassets; sourceTree = "<group>"; };
		52B46826237AB81F00A9092C /* Base */ = {isa = PBXFileReference; lastKnownFileType = file.storyboard; name = Base; path = Base.lproj/LaunchScreen.storyboard; sourceTree = "<group>"; };
		52B46828237AB81F00A9092C /* Info.plist */ = {isa = PBXFileReference; lastKnownFileType = text.plist.xml; path = Info.plist; sourceTree = "<group>"; };
		52B46829237AB81F00A9092C /* main.m */ = {isa = PBXFileReference; lastKnownFileType = sourcecode.c.objc; path = main.m; sourceTree = "<group>"; };
		52B4682F237AB81F00A9092C /* testXTests.xctest */ = {isa = PBXFileReference; explicitFileType = wrapper.cfbundle; includeInIndex = 0; path = testXTests.xctest; sourceTree = BUILT_PRODUCTS_DIR; };
		52B46833237AB81F00A9092C /* testXTests.m */ = {isa = PBXFileReference; lastKnownFileType = sourcecode.c.objc; path = testXTests.m; sourceTree = "<group>"; };
		52B46835237AB81F00A9092C /* Info.plist */ = {isa = PBXFileReference; lastKnownFileType = text.plist.xml; path = Info.plist; sourceTree = "<group>"; };
		52B4683A237AB81F00A9092C /* testXUITests.xctest */ = {isa = PBXFileReference; explicitFileType = wrapper.cfbundle; includeInIndex = 0; path = testXUITests.xctest; sourceTree = BUILT_PRODUCTS_DIR; };
		52B4683E237AB81F00A9092C /* testXUITests.m */ = {isa = PBXFileReference; lastKnownFileType = sourcecode.c.objc; path = testXUITests.m; sourceTree = "<group>"; };
		52B46840237AB81F00A9092C /* Info.plist */ = {isa = PBXFileReference; lastKnownFileType = text.plist.xml; path = Info.plist; sourceTree = "<group>"; };
/* End PBXFileReference section */

/* Begin PBXFrameworksBuildPhase section */
		52B46814237AB81D00A9092C /* Frameworks */ = {
			isa = PBXFrameworksBuildPhase;
			buildActionMask = 2147483647;
			files = (
			);
			runOnlyForDeploymentPostprocessing = 0;
		};
		52B4682C237AB81F00A9092C /* Frameworks */ = {
			isa = PBXFrameworksBuildPhase;
			buildActionMask = 2147483647;
			files = (
			);
			runOnlyForDeploymentPostprocessing = 0;
		};
		52B46837237AB81F00A9092C /* Frameworks */ = {
			isa = PBXFrameworksBuildPhase;
			buildActionMask = 2147483647;
			files = (
			);
			runOnlyForDeploymentPostprocessing = 0;
		};
/* End PBXFrameworksBuildPhase section */

/* Begin PBXGroup section */
		52B4680E237AB81D00A9092C = {
			isa = PBXGroup;
			children = (
				52B46819237AB81D00A9092C /* testX */,
				52B46832237AB81F00A9092C /* testXTests */,
				52B4683D237AB81F00A9092C /* testXUITests */,
				52B46818237AB81D00A9092C /* Products */,
			);
			sourceTree = "<group>";
		};
		52B46818237AB81D00A9092C /* Products */ = {
			isa = PBXGroup;
			children = (
				52B46817237AB81D00A9092C /* testX.app */,
				52B4682F237AB81F00A9092C /* testXTests.xctest */,
				52B4683A237AB81F00A9092C /* testXUITests.xctest */,
			);
			name = Products;
			sourceTree = "<group>";
		};
		52B46819237AB81D00A9092C /* testX */ = {
			isa = PBXGroup;
			children = (
				52B4681A237AB81D00A9092C /* AppDelegate.h */,
				52B4681B237AB81D00A9092C /* AppDelegate.m */,
				52B4681D237AB81D00A9092C /* ViewController.h */,
				52B4681E237AB81D00A9092C /* ViewController.m */,
				52B46820237AB81D00A9092C /* Main.storyboard */,
				52B46823237AB81F00A9092C /* Assets.xcassets */,
				52B46825237AB81F00A9092C /* LaunchScreen.storyboard */,
				52B46828237AB81F00A9092C /* Info.plist */,
				52B46829237AB81F00A9092C /* main.m */,
			);
			path = testX;
			sourceTree = "<group>";
		};
		52B46832237AB81F00A9092C /* testXTests */ = {
			isa = PBXGroup;
			children = (
				52B46833237AB81F00A9092C /* testXTests.m */,
				52B46835237AB81F00A9092C /* Info.plist */,
			);
			path = testXTests;
			sourceTree = "<group>";
		};
		52B4683D237AB81F00A9092C /* testXUITests */ = {
			isa = PBXGroup;
			children = (
				52B4683E237AB81F00A9092C /* testXUITests.m */,
				52B46840237AB81F00A9092C /* Info.plist */,
			);
			path = testXUITests;
			sourceTree = "<group>";
		};
/* End PBXGroup section */

/* Begin PBXNativeTarget section */
		52B46816237AB81D00A9092C /* testX */ = {
			isa = PBXNativeTarget;
			buildConfigurationList = 52B46843237AB81F00A9092C /* Build configuration list for PBXNativeTarget "testX" */;
			buildPhases = (
				52B46813237AB81D00A9092C /* Sources */,
				52B46814237AB81D00A9092C /* Frameworks */,
				52B46815237AB81D00A9092C /* Resources */,
			);
			buildRules = (
			);
			dependencies = (
			);
			name = testX;
			productName = testX;
			productReference = 52B46817237AB81D00A9092C /* testX.app */;
			productType = "com.apple.product-type.application";
		};
		52B4682E237AB81F00A9092C /* testXTests */ = {
			isa = PBXNativeTarget;
			buildConfigurationList = 52B46846237AB81F00A9092C /* Build configuration list for PBXNativeTarget "testXTests" */;
			buildPhases = (
				52B4682B237AB81F00A9092C /* Sources */,
				52B4682C237AB81F00A9092C /* Frameworks */,
				52B4682D237AB81F00A9092C /* Resources */,
			);
			buildRules = (
			);
			dependencies = (
				52B46831237AB81F00A9092C /* PBXTargetDependency */,
			);
			name = testXTests;
			productName = testXTests;
			productReference = 52B4682F237AB81F00A9092C /* testXTests.xctest */;
			productType = "com.apple.product-type.bundle.unit-test";
		};
		52B46839237AB81F00A9092C /* testXUITests */ = {
			isa = PBXNativeTarget;
			buildConfigurationList = 52B46849237AB81F00A9092C /* Build configuration list for PBXNativeTarget "testXUITests" */;
			buildPhases = (
				52B46836237AB81F00A9092C /* Sources */,
				52B46837237AB81F00A9092C /* Frameworks */,
				52B46838237AB81F00A9092C /* Resources */,
			);
			buildRules = (
			);
			dependencies = (
				52B4683C237AB81F00A9092C /* PBXTargetDependency */,
			);
			name = testXUITests;
			productName = testXUITests;
			productReference = 52B4683A237AB81F00A9092C /* testXUITests.xctest */;
			productType = "com.apple.product-type.bundle.ui-testing";
		};
/* End PBXNativeTarget section */

/* Begin PBXProject section */
		52B4680F237AB81D00A9092C /* Project object */ = {
			isa = PBXProject;
			attributes = {
				LastUpgradeCheck = 1030;
				ORGANIZATIONNAME = Steve;
				TargetAttributes = {
					52B46816237AB81D00A9092C = {
						CreatedOnToolsVersion = 10.3;
					};
					52B4682E237AB81F00A9092C = {
						CreatedOnToolsVersion = 10.3;
						TestTargetID = 52B46816237AB81D00A9092C;
					};
					52B46839237AB81F00A9092C = {
						CreatedOnToolsVersion = 10.3;
						TestTargetID = 52B46816237AB81D00A9092C;
					};
				};
			};
			buildConfigurationList = 52B46812237AB81D00A9092C /* Build configuration list for PBXProject "testX" */;
			compatibilityVersion = "Xcode 9.3";
			developmentRegion = en;
			hasScannedForEncodings = 0;
			knownRegions = (
				en,
				Base,
			);
			mainGroup = 52B4680E237AB81D00A9092C;
			productRefGroup = 52B46818237AB81D00A9092C /* Products */;
			projectDirPath = "";
			projectRoot = "";
			targets = (
				52B46816237AB81D00A9092C /* testX */,
				52B4682E237AB81F00A9092C /* testXTests */,
				52B46839237AB81F00A9092C /* testXUITests */,
			);
		};
/* End PBXProject section */

/* Begin PBXResourcesBuildPhase section */
		52B46815237AB81D00A9092C /* Resources */ = {
			isa = PBXResourcesBuildPhase;
			buildActionMask = 2147483647;
			files = (
				52B46827237AB81F00A9092C /* LaunchScreen.storyboard in Resources */,
				52B46824237AB81F00A9092C /* Assets.xcassets in Resources */,
				52B46822237AB81D00A9092C /* Main.storyboard in Resources */,
			);
			runOnlyForDeploymentPostprocessing = 0;
		};
		52B4682D237AB81F00A9092C /* Resources */ = {
			isa = PBXResourcesBuildPhase;
			buildActionMask = 2147483647;
			files = (
			);
			runOnlyForDeploymentPostprocessing = 0;
		};
		52B46838237AB81F00A9092C /* Resources */ = {
			isa = PBXResourcesBuildPhase;
			buildActionMask = 2147483647;
			files = (
			);
			runOnlyForDeploymentPostprocessing = 0;
		};
/* End PBXResourcesBuildPhase section */

/* Begin PBXSourcesBuildPhase section */
		52B46813237AB81D00A9092C /* Sources */ = {
			isa = PBXSourcesBuildPhase;
			buildActionMask = 2147483647;
			files = (
				52B4681F237AB81D00A9092C /* ViewController.m in Sources */,
				52B4682A237AB81F00A9092C /* main.m in Sources */,
				52B4681C237AB81D00A9092C /* AppDelegate.m in Sources */,
			);
			runOnlyForDeploymentPostprocessing = 0;
		};
		52B4682B237AB81F00A9092C /* Sources */ = {
			isa = PBXSourcesBuildPhase;
			buildActionMask = 2147483647;
			files = (
				52B46834237AB81F00A9092C /* testXTests.m in Sources */,
			);
			runOnlyForDeploymentPostprocessing = 0;
		};
		52B46836237AB81F00A9092C /* Sources */ = {
			isa = PBXSourcesBuildPhase;
			buildActionMask = 2147483647;
			files = (
				52B4683F237AB81F00A9092C /* testXUITests.m in Sources */,
			);
			runOnlyForDeploymentPostprocessing = 0;
		};
/* End PBXSourcesBuildPhase section */

/* Begin PBXTargetDependency section */
		52B46831237AB81F00A9092C /* PBXTargetDependency */ = {
			isa = PBXTargetDependency;
			target = 52B46816237AB81D00A9092C /* testX */;
			targetProxy = 52B46830237AB81F00A9092C /* PBXContainerItemProxy */;
		};
		52B4683C237AB81F00A9092C /* PBXTargetDependency */ = {
			isa = PBXTargetDependency;
			target = 52B46816237AB81D00A9092C /* testX */;
			targetProxy = 52B4683B237AB81F00A9092C /* PBXContainerItemProxy */;
		};
/* End PBXTargetDependency section */

/* Begin PBXVariantGroup section */
		52B46820237AB81D00A9092C /* Main.storyboard */ = {
			isa = PBXVariantGroup;
			children = (
				52B46821237AB81D00A9092C /* Base */,
			);
			name = Main.storyboard;
			sourceTree = "<group>";
		};
		52B46825237AB81F00A9092C /* LaunchScreen.storyboard */ = {
			isa = PBXVariantGroup;
			children = (
				52B46826237AB81F00A9092C /* Base */,
			);
			name = LaunchScreen.storyboard;
			sourceTree = "<group>";
		};
/* End PBXVariantGroup section */

/* Begin XCBuildConfiguration section */
		52B46841237AB81F00A9092C /* Debug */ = {
			isa = XCBuildConfiguration;
			buildSettings = {
				ALWAYS_SEARCH_USER_PATHS = NO;
				CLANG_ANALYZER_NONNULL = YES;
				CLANG_ANALYZER_NUMBER_OBJECT_CONVERSION = YES_AGGRESSIVE;
				CLANG_CXX_LANGUAGE_STANDARD = "gnu++14";
				CLANG_CXX_LIBRARY = "libc++";
				CLANG_ENABLE_MODULES = YES;
				CLANG_ENABLE_OBJC_ARC = YES;
				CLANG_ENABLE_OBJC_WEAK = YES;
				CLANG_WARN_BLOCK_CAPTURE_AUTORELEASING = YES;
				CLANG_WARN_BOOL_CONVERSION = YES;
				CLANG_WARN_COMMA = YES;
				CLANG_WARN_CONSTANT_CONVERSION = YES;
				CLANG_WARN_DEPRECATED_OBJC_IMPLEMENTATIONS = YES;
				CLANG_WARN_DIRECT_OBJC_ISA_USAGE = YES_ERROR;
				CLANG_WARN_DOCUMENTATION_COMMENTS = YES;
				CLANG_WARN_EMPTY_BODY = YES;
				CLANG_WARN_ENUM_CONVERSION = YES;
				CLANG_WARN_INFINITE_RECURSION = YES;
				CLANG_WARN_INT_CONVERSION = YES;
				CLANG_WARN_NON_LITERAL_NULL_CONVERSION = YES;
				CLANG_WARN_OBJC_IMPLICIT_RETAIN_SELF = YES;
				CLANG_WARN_OBJC_LITERAL_CONVERSION = YES;
				CLANG_WARN_OBJC_ROOT_CLASS = YES_ERROR;
				CLANG_WARN_RANGE_LOOP_ANALYSIS = YES;
				CLANG_WARN_STRICT_PROTOTYPES = YES;
				CLANG_WARN_SUSPICIOUS_MOVE = YES;
				CLANG_WARN_UNGUARDED_AVAILABILITY = YES_AGGRESSIVE;
				CLANG_WARN_UNREACHABLE_CODE = YES;
				CLANG_WARN__DUPLICATE_METHOD_MATCH = YES;
				CODE_SIGN_IDENTITY = "iPhone Developer";
				COPY_PHASE_STRIP = NO;
				DEBUG_INFORMATION_FORMAT = dwarf;
				ENABLE_STRICT_OBJC_MSGSEND = YES;
				ENABLE_TESTABILITY = YES;
				GCC_C_LANGUAGE_STANDARD = gnu11;
				GCC_DYNAMIC_NO_PIC = NO;
				GCC_NO_COMMON_BLOCKS = YES;
				GCC_OPTIMIZATION_LEVEL = 0;
				GCC_PREPROCESSOR_DEFINITIONS = (
					"DEBUG=1",
					"$(inherited)",
				);
				GCC_WARN_64_TO_32_BIT_CONVERSION = YES;
				GCC_WARN_ABOUT_RETURN_TYPE = YES_ERROR;
				GCC_WARN_UNDECLARED_SELECTOR = YES;
				GCC_WARN_UNINITIALIZED_AUTOS = YES_AGGRESSIVE;
				GCC_WARN_UNUSED_FUNCTION = YES;
				GCC_WARN_UNUSED_VARIABLE = YES;
				IPHONEOS_DEPLOYMENT_TARGET = 12.4;
				MTL_ENABLE_DEBUG_INFO = INCLUDE_SOURCE;
				MTL_FAST_MATH = YES;
				ONLY_ACTIVE_ARCH = YES;
				SDKROOT = iphoneos;
			};
			name = Debug;
		};
		52B46842237AB81F00A9092C /* Release */ = {
			isa = XCBuildConfiguration;
			buildSettings = {
				ALWAYS_SEARCH_USER_PATHS = NO;
				CLANG_ANALYZER_NONNULL = YES;
				CLANG_ANALYZER_NUMBER_OBJECT_CONVERSION = YES_AGGRESSIVE;
				CLANG_CXX_LANGUAGE_STANDARD = "gnu++14";
				CLANG_CXX_LIBRARY = "libc++";
				CLANG_ENABLE_MODULES = YES;
				CLANG_ENABLE_OBJC_ARC = YES;
				CLANG_ENABLE_OBJC_WEAK = YES;
				CLANG_WARN_BLOCK_CAPTURE_AUTORELEASING = YES;
				CLANG_WARN_BOOL_CONVERSION = YES;
				CLANG_WARN_COMMA = YES;
				CLANG_WARN_CONSTANT_CONVERSION = YES;
				CLANG_WARN_DEPRECATED_OBJC_IMPLEMENTATIONS = YES;
				CLANG_WARN_DIRECT_OBJC_ISA_USAGE = YES_ERROR;
				CLANG_WARN_DOCUMENTATION_COMMENTS = YES;
				CLANG_WARN_EMPTY_BODY = YES;
				CLANG_WARN_ENUM_CONVERSION = YES;
				CLANG_WARN_INFINITE_RECURSION = YES;
				CLANG_WARN_INT_CONVERSION = YES;
				CLANG_WARN_NON_LITERAL_NULL_CONVERSION = YES;
				CLANG_WARN_OBJC_IMPLICIT_RETAIN_SELF = YES;
				CLANG_WARN_OBJC_LITERAL_CONVERSION = YES;
				CLANG_WARN_OBJC_ROOT_CLASS = YES_ERROR;
				CLANG_WARN_RANGE_LOOP_ANALYSIS = YES;
				CLANG_WARN_STRICT_PROTOTYPES = YES;
				CLANG_WARN_SUSPICIOUS_MOVE = YES;
				CLANG_WARN_UNGUARDED_AVAILABILITY = YES_AGGRESSIVE;
				CLANG_WARN_UNREACHABLE_CODE = YES;
				CLANG_WARN__DUPLICATE_METHOD_MATCH = YES;
				CODE_SIGN_IDENTITY = "iPhone Developer";
				COPY_PHASE_STRIP = NO;
				DEBUG_INFORMATION_FORMAT = "dwarf-with-dsym";
				ENABLE_NS_ASSERTIONS = NO;
				ENABLE_STRICT_OBJC_MSGSEND = YES;
				GCC_C_LANGUAGE_STANDARD = gnu11;
				GCC_NO_COMMON_BLOCKS = YES;
				GCC_WARN_64_TO_32_BIT_CONVERSION = YES;
				GCC_WARN_ABOUT_RETURN_TYPE = YES_ERROR;
				GCC_WARN_UNDECLARED_SELECTOR = YES;
				GCC_WARN_UNINITIALIZED_AUTOS = YES_AGGRESSIVE;
				GCC_WARN_UNUSED_FUNCTION = YES;
				GCC_WARN_UNUSED_VARIABLE = YES;
				IPHONEOS_DEPLOYMENT_TARGET = 12.4;
				MTL_ENABLE_DEBUG_INFO = NO;
				MTL_FAST_MATH = YES;
				SDKROOT = iphoneos;
				VALIDATE_PRODUCT = YES;
			};
			name = Release;
		};
		52B46844237AB81F00A9092C /* Debug */ = {
			isa = XCBuildConfiguration;
			buildSettings = {
				ASSETCATALOG_COMPILER_APPICON_NAME = AppIcon;
				CODE_SIGN_STYLE = Automatic;
				DEVELOPMENT_TEAM = VQSK4D8K45;
				INFOPLIST_FILE = testX/Info.plist;
				LD_RUNPATH_SEARCH_PATHS = (
					"$(inherited)",
					"@executable_path/Frameworks",
				);
				PRODUCT_BUNDLE_IDENTIFIER = thi.testX;
				PRODUCT_NAME = "$(TARGET_NAME)";
				TARGETED_DEVICE_FAMILY = "1,2";
			};
			name = Debug;
		};
		52B46845237AB81F00A9092C /* Release */ = {
			isa = XCBuildConfiguration;
			buildSettings = {
				ASSETCATALOG_COMPILER_APPICON_NAME = AppIcon;
				CODE_SIGN_STYLE = Automatic;
				DEVELOPMENT_TEAM = VQSK4D8K45;
				INFOPLIST_FILE = testX/Info.plist;
				LD_RUNPATH_SEARCH_PATHS = (
					"$(inherited)",
					"@executable_path/Frameworks",
				);
				PRODUCT_BUNDLE_IDENTIFIER = thi.testX;
				PRODUCT_NAME = "$(TARGET_NAME)";
				TARGETED_DEVICE_FAMILY = "1,2";
			};
			name = Release;
		};
		52B46847237AB81F00A9092C /* Debug */ = {
			isa = XCBuildConfiguration;
			buildSettings = {
				BUNDLE_LOADER = "$(TEST_HOST)";
				CODE_SIGN_STYLE = Automatic;
				DEVELOPMENT_TEAM = VQSK4D8K45;
				INFOPLIST_FILE = testXTests/Info.plist;
				LD_RUNPATH_SEARCH_PATHS = (
					"$(inherited)",
					"@executable_path/Frameworks",
					"@loader_path/Frameworks",
				);
				PRODUCT_BUNDLE_IDENTIFIER = thi.testXTests;
				PRODUCT_NAME = "$(TARGET_NAME)";
				TARGETED_DEVICE_FAMILY = "1,2";
				TEST_HOST = "$(BUILT_PRODUCTS_DIR)/testX.app/testX";
			};
			name = Debug;
		};
		52B46848237AB81F00A9092C /* Release */ = {
			isa = XCBuildConfiguration;
			buildSettings = {
				BUNDLE_LOADER = "$(TEST_HOST)";
				CODE_SIGN_STYLE = Automatic;
				DEVELOPMENT_TEAM = VQSK4D8K45;
				INFOPLIST_FILE = testXTests/Info.plist;
				LD_RUNPATH_SEARCH_PATHS = (
					"$(inherited)",
					"@executable_path/Frameworks",
					"@loader_path/Frameworks",
				);
				PRODUCT_BUNDLE_IDENTIFIER = thi.testXTests;
				PRODUCT_NAME = "$(TARGET_NAME)";
				TARGETED_DEVICE_FAMILY = "1,2";
				TEST_HOST = "$(BUILT_PRODUCTS_DIR)/testX.app/testX";
			};
			name = Release;
		};
		52B4684A237AB81F00A9092C /* Debug */ = {
			isa = XCBuildConfiguration;
			buildSettings = {
				CODE_SIGN_STYLE = Automatic;
				DEVELOPMENT_TEAM = VQSK4D8K45;
				INFOPLIST_FILE = testXUITests/Info.plist;
				LD_RUNPATH_SEARCH_PATHS = (
					"$(inherited)",
					"@executable_path/Frameworks",
					"@loader_path/Frameworks",
				);
				PRODUCT_BUNDLE_IDENTIFIER = thi.testXUITests;
				PRODUCT_NAME = "$(TARGET_NAME)";
				TARGETED_DEVICE_FAMILY = "1,2";
				TEST_TARGET_NAME = testX;
			};
			name = Debug;
		};
		52B4684B237AB81F00A9092C /* Release */ = {
			isa = XCBuildConfiguration;
			buildSettings = {
				CODE_SIGN_STYLE = Automatic;
				DEVELOPMENT_TEAM = VQSK4D8K45;
				INFOPLIST_FILE = testXUITests/Info.plist;
				LD_RUNPATH_SEARCH_PATHS = (
					"$(inherited)",
					"@executable_path/Frameworks",
					"@loader_path/Frameworks",
				);
				PRODUCT_BUNDLE_IDENTIFIER = thi.testXUITests;
				PRODUCT_NAME = "$(TARGET_NAME)";
				TARGETED_DEVICE_FAMILY = "1,2";
				TEST_TARGET_NAME = testX;
			};
			name = Release;
		};
/* End XCBuildConfiguration section */

/* Begin XCConfigurationList section */
		52B46812237AB81D00A9092C /* Build configuration list for PBXProject "testX" */ = {
			isa = XCConfigurationList;
			buildConfigurations = (
				52B46841237AB81F00A9092C /* Debug */,
				52B46842237AB81F00A9092C /* Release */,
			);
			defaultConfigurationIsVisible = 0;
			defaultConfigurationName = Release;
		};
		52B46843237AB81F00A9092C /* Build configuration list for PBXNativeTarget "testX" */ = {
			isa = XCConfigurationList;
			buildConfigurations = (
				52B46844237AB81F00A9092C /* Debug */,
				52B46845237AB81F00A9092C /* Release */,
			);
			defaultConfigurationIsVisible = 0;
			defaultConfigurationName = Release;
		};
		52B46846237AB81F00A9092C /* Build configuration list for PBXNativeTarget "testXTests" */ = {
			isa = XCConfigurationList;
			buildConfigurations = (
				52B46847237AB81F00A9092C /* Debug */,
				52B46848237AB81F00A9092C /* Release */,
			);
			defaultConfigurationIsVisible = 0;
			defaultConfigurationName = Release;
		};
		52B46849237AB81F00A9092C /* Build configuration list for PBXNativeTarget "testXUITests" */ = {
			isa = XCConfigurationList;
			buildConfigurations = (
				52B4684A237AB81F00A9092C /* Debug */,
				52B4684B237AB81F00A9092C /* Release */,
			);
			defaultConfigurationIsVisible = 0;
			defaultConfigurationName = Release;
		};
/* End XCConfigurationList section */
	};
	rootObject = 52B4680F237AB81D00A9092C /* Project object */;
}
